PODS:
  - Alamofire (4.5.0)
  - KeychainSwift (8.0.2)
  - SwiftyJSON (3.1.4)

DEPENDENCIES:
  - Alamofire (~> 4.5)
  - KeychainSwift (~> 8.0)
  - SwiftyJSON (~> 3.1)

SPEC CHECKSUMS:
  Alamofire: f28cdffd29de33a7bfa022cbd63ae95a27fae140
  KeychainSwift: 213db04dfe7244988e61f77c72a2afb2f775954a
  SwiftyJSON: c2842d878f95482ffceec5709abc3d05680c0220

PODFILE CHECKSUM: 64a8da99c6125ffb81570e74da63c53574ed9e07

COCOAPODS: 1.2.1
